
Microsoft Visual Studio Solution File, Format Version 12.00
# Visual Studio Version 17
VisualStudioVersion = 17.2.32630.192
MinimumVisualStudioVersion = 10.0.40219.1
Project("{9A19103F-16F7-4668-BE54-9A1E7A4F7556}") = "API_Chat", "API_Chat.csproj", "{6C488AD7-0193-4161-8C62-DB0DFA8D2523}"
EndProject
Project("{9A19103F-16F7-4668-BE54-9A1E7A4F7556}") = "API_Chat.Database", "..\API_Chat.Database\API_Chat.Database.csproj", "{84E771D4-D4F9-45EB-96D2-F8D35E68A0B8}"
EndProject
Project("{9A19103F-16F7-4668-BE54-9A1E7A4F7556}") = "API_Chat.Domain", "..\API_Chat.Domain\API_Chat.Domain.csproj", "{677EC3F7-72CD-451C-B2F6-5AC4C8E55080}"
EndProject
Project("{9A19103F-16F7-4668-BE54-9A1E7A4F7556}") = "API_Chat.Services", "..\API_Chat.Services\API_Chat.Services.csproj", "{6D665DD4-0047-4F42-AA34-90BDC383A08F}"
EndProject
Global
	GlobalSection(SolutionConfigurationPlatforms) = preSolution
		Debug|Any CPU = Debug|Any CPU
		Release|Any CPU = Release|Any CPU
	EndGlobalSection
	GlobalSection(ProjectConfigurationPlatforms) = postSolution
		{6C488AD7-0193-4161-8C62-DB0DFA8D2523}.Debug|Any CPU.ActiveCfg = Debug|Any CPU
		{6C488AD7-0193-4161-8C62-DB0DFA8D2523}.Debug|Any CPU.Build.0 = Debug|Any CPU
		{6C488AD7-0193-4161-8C62-DB0DFA8D2523}.Release|Any CPU.ActiveCfg = Release|Any CPU
		{6C488AD7-0193-4161-8C62-DB0DFA8D2523}.Release|Any CPU.Build.0 = Release|Any CPU
		{84E771D4-D4F9-45EB-96D2-F8D35E68A0B8}.Debug|Any CPU.ActiveCfg = Debug|Any CPU
		{84E771D4-D4F9-45EB-96D2-F8D35E68A0B8}.Debug|Any CPU.Build.0 = Debug|Any CPU
		{84E771D4-D4F9-45EB-96D2-F8D35E68A0B8}.Release|Any CPU.ActiveCfg = Release|Any CPU
		{84E771D4-D4F9-45EB-96D2-F8D35E68A0B8}.Release|Any CPU.Build.0 = Release|Any CPU
		{677EC3F7-72CD-451C-B2F6-5AC4C8E55080}.Debug|Any CPU.ActiveCfg = Debug|Any CPU
		{677EC3F7-72CD-451C-B2F6-5AC4C8E55080}.Debug|Any CPU.Build.0 = Debug|Any CPU
		{677EC3F7-72CD-451C-B2F6-5AC4C8E55080}.Release|Any CPU.ActiveCfg = Release|Any CPU
		{677EC3F7-72CD-451C-B2F6-5AC4C8E55080}.Release|Any CPU.Build.0 = Release|Any CPU
		{6D665DD4-0047-4F42-AA34-90BDC383A08F}.Debug|Any CPU.ActiveCfg = Debug|Any CPU
		{6D665DD4-0047-4F42-AA34-90BDC383A08F}.Debug|Any CPU.Build.0 = Debug|Any CPU
		{6D665DD4-0047-4F42-AA34-90BDC383A08F}.Release|Any CPU.ActiveCfg = Release|Any CPU
		{6D665DD4-0047-4F42-AA34-90BDC383A08F}.Release|Any CPU.Build.0 = Release|Any CPU
	EndGlobalSection
	GlobalSection(SolutionProperties) = preSolution
		HideSolutionNode = FALSE
	EndGlobalSection
	GlobalSection(ExtensibilityGlobals) = postSolution
		SolutionGuid = {73FCC72D-3E81-4CA2-9888-51EE52CEAED6}
	EndGlobalSection
EndGlobal
